
Microsoft Visual Studio Solution File, Format Version 12.00
# Visual Studio Version 17
VisualStudioVersion = 17.0.31903.59
MinimumVisualStudioVersion = 10.0.40219.1
Project("{2150E333-8FDC-42A3-9474-1A3956D46DE8}") = ".paket", ".paket", "{EB1C118B-0EF0-4652-A12F-6E5C939E974A}"
	ProjectSection(SolutionItems) = preProject
		paket.dependencies = paket.dependencies
	EndProjectSection
EndProject
Project("{2150E333-8FDC-42A3-9474-1A3956D46DE8}") = "Benchmark", "Benchmark", "{E3DF6929-EF32-4D14-A3FC-1A5788713C19}"
EndProject
Project("{6EC3EE1D-3C4E-46DD-8F32-0CC8E7565705}") = "CodingPatterns", "Benchmark\CodingPatterns\CodingPatterns.fsproj", "{0C93ADB6-1380-479F-8A90-5C1CF6211C9E}"
EndProject
Project("{9A19103F-16F7-4668-BE54-9A1E7A4F7556}") = "CodingPatterns.CS", "Benchmark\CodingPatterns.CS\CodingPatterns.CS.csproj", "{31D55F4C-5F79-4F90-8CBB-3DDADA32A694}"
EndProject
Project("{6EC3EE1D-3C4E-46DD-8F32-0CC8E7565705}") = "Collections", "Benchmark\Collections\Collections.fsproj", "{0EE478E3-2A3B-4DDF-B690-7416D2E96D4B}"
EndProject
Project("{6EC3EE1D-3C4E-46DD-8F32-0CC8E7565705}") = "Configuration", "Benchmark\Configuration\Configuration.fsproj", "{6986E748-0EA7-45A8-B2EB-668E6C24937E}"
EndProject
Project("{2150E333-8FDC-42A3-9474-1A3956D46DE8}") = "Source", "Source", "{0202CDE8-8F19-4C7F-8962-9B3989E24E44}"
EndProject
Project("{6EC3EE1D-3C4E-46DD-8F32-0CC8E7565705}") = "Nava", "Source\Nava\Nava.fsproj", "{2830C739-CB2A-4F8B-8452-97392BA55635}"
EndProject
Project("{6EC3EE1D-3C4E-46DD-8F32-0CC8E7565705}") = "Nava.Excel", "Source\Nava.Excel\Nava.Excel.fsproj", "{B8F5DFA5-1A2A-4EC1-B846-43C425EC1C43}"
EndProject
Project("{9A19103F-16F7-4668-BE54-9A1E7A4F7556}") = "Nava.Excel.Runtime", "Source\Nava.Excel.Runtime\Nava.Excel.Runtime.csproj", "{18CC14B0-8200-4B5F-A86F-A723C9E6382A}"
EndProject
Project("{6EC3EE1D-3C4E-46DD-8F32-0CC8E7565705}") = "Nava.Runtime", "Source\Nava.Runtime\Nava.Runtime.fsproj", "{4DE3DF49-8267-4A69-940F-E031B366A84F}"
EndProject
Project("{9A19103F-16F7-4668-BE54-9A1E7A4F7556}") = "Nava.Runtime.CS", "Source\Nava.Runtime.CS\Nava.Runtime.CS.csproj", "{68778C22-F6DA-479A-8E06-66C0188D865B}"
EndProject
Project("{6EC3EE1D-3C4E-46DD-8F32-0CC8E7565705}") = "Runner", "Source\Runner\Runner.fsproj", "{6BB1DAA7-09FD-41C7-A64F-53958A6B2094}"
EndProject
Project("{2150E333-8FDC-42A3-9474-1A3956D46DE8}") = "Tests", "Tests", "{E63DAAD8-0CBF-473C-A160-DF17039464EB}"
EndProject
Project("{6EC3EE1D-3C4E-46DD-8F32-0CC8E7565705}") = "Nava.OpenPackage.Tests", "Tests\Nava.OpenPackage.Tests\Nava.OpenPackage.Tests.fsproj", "{8D0060BC-C873-450C-A5D5-ED1CAD1D051B}"
EndProject
Project("{6EC3EE1D-3C4E-46DD-8F32-0CC8E7565705}") = "Nava.Runtime.Tests", "Tests\Nava.Runtime.Tests\Nava.Runtime.Tests.fsproj", "{EE00717B-430E-41A9-89B6-746AC67FB052}"
EndProject
Project("{6EC3EE1D-3C4E-46DD-8F32-0CC8E7565705}") = "Nava.Office", "Source\Nava.Office\Nava.Office.fsproj", "{2B3946FC-E3B2-4E3D-B992-454A6E8366A8}"
EndProject
Project("{F2A71F9B-5D33-465A-A702-920D77279786}") = "Navika", "Source\Navika\Navika.fsproj", "{FDF82F35-4EA6-47C6-ADD5-B9B0A4BB9302}"
EndProject
Project("{F2A71F9B-5D33-465A-A702-920D77279786}") = "Navika.Forms", "Source\Navika.Forms\Navika.Forms.fsproj", "{4A031A38-1F38-451E-9434-1B0A60D78DAE}"
EndProject
Project("{FAE04EC0-301F-11D3-BF4B-00C04F79EFBC}") = "TestBed", "Source\TestBed\TestBed.csproj", "{E4759034-19A0-4B28-8E69-38BCFD5F1E94}"
EndProject
Project("{F2A71F9B-5D33-465A-A702-920D77279786}") = "Navika.Theme", "Source\Navika.Theme\Navika.Theme.fsproj", "{0DEBC773-F40D-4196-9CC8-CF986063C174}"
EndProject
Global
	GlobalSection(SolutionConfigurationPlatforms) = preSolution
		Debug|Any CPU = Debug|Any CPU
		Release|Any CPU = Release|Any CPU
	EndGlobalSection
	GlobalSection(ProjectConfigurationPlatforms) = postSolution
		{0C93ADB6-1380-479F-8A90-5C1CF6211C9E}.Debug|Any CPU.ActiveCfg = Debug|Any CPU
		{0C93ADB6-1380-479F-8A90-5C1CF6211C9E}.Debug|Any CPU.Build.0 = Debug|Any CPU
		{0C93ADB6-1380-479F-8A90-5C1CF6211C9E}.Release|Any CPU.ActiveCfg = Release|Any CPU
		{0C93ADB6-1380-479F-8A90-5C1CF6211C9E}.Release|Any CPU.Build.0 = Release|Any CPU
		{31D55F4C-5F79-4F90-8CBB-3DDADA32A694}.Debug|Any CPU.ActiveCfg = Debug|Any CPU
		{31D55F4C-5F79-4F90-8CBB-3DDADA32A694}.Debug|Any CPU.Build.0 = Debug|Any CPU
		{31D55F4C-5F79-4F90-8CBB-3DDADA32A694}.Release|Any CPU.ActiveCfg = Release|Any CPU
		{31D55F4C-5F79-4F90-8CBB-3DDADA32A694}.Release|Any CPU.Build.0 = Release|Any CPU
		{0EE478E3-2A3B-4DDF-B690-7416D2E96D4B}.Debug|Any CPU.ActiveCfg = Debug|Any CPU
		{0EE478E3-2A3B-4DDF-B690-7416D2E96D4B}.Debug|Any CPU.Build.0 = Debug|Any CPU
		{0EE478E3-2A3B-4DDF-B690-7416D2E96D4B}.Release|Any CPU.ActiveCfg = Release|Any CPU
		{0EE478E3-2A3B-4DDF-B690-7416D2E96D4B}.Release|Any CPU.Build.0 = Release|Any CPU
		{6986E748-0EA7-45A8-B2EB-668E6C24937E}.Debug|Any CPU.ActiveCfg = Debug|Any CPU
		{6986E748-0EA7-45A8-B2EB-668E6C24937E}.Debug|Any CPU.Build.0 = Debug|Any CPU
		{6986E748-0EA7-45A8-B2EB-668E6C24937E}.Release|Any CPU.ActiveCfg = Release|Any CPU
		{6986E748-0EA7-45A8-B2EB-668E6C24937E}.Release|Any CPU.Build.0 = Release|Any CPU
		{2830C739-CB2A-4F8B-8452-97392BA55635}.Debug|Any CPU.ActiveCfg = Debug|Any CPU
		{2830C739-CB2A-4F8B-8452-97392BA55635}.Debug|Any CPU.Build.0 = Debug|Any CPU
		{2830C739-CB2A-4F8B-8452-97392BA55635}.Release|Any CPU.ActiveCfg = Release|Any CPU
		{2830C739-CB2A-4F8B-8452-97392BA55635}.Release|Any CPU.Build.0 = Release|Any CPU
		{B8F5DFA5-1A2A-4EC1-B846-43C425EC1C43}.Debug|Any CPU.ActiveCfg = Debug|Any CPU
		{B8F5DFA5-1A2A-4EC1-B846-43C425EC1C43}.Debug|Any CPU.Build.0 = Debug|Any CPU
		{B8F5DFA5-1A2A-4EC1-B846-43C425EC1C43}.Release|Any CPU.ActiveCfg = Release|Any CPU
		{B8F5DFA5-1A2A-4EC1-B846-43C425EC1C43}.Release|Any CPU.Build.0 = Release|Any CPU
		{18CC14B0-8200-4B5F-A86F-A723C9E6382A}.Debug|Any CPU.ActiveCfg = Debug|Any CPU
		{18CC14B0-8200-4B5F-A86F-A723C9E6382A}.Debug|Any CPU.Build.0 = Debug|Any CPU
		{18CC14B0-8200-4B5F-A86F-A723C9E6382A}.Release|Any CPU.ActiveCfg = Release|Any CPU
		{18CC14B0-8200-4B5F-A86F-A723C9E6382A}.Release|Any CPU.Build.0 = Release|Any CPU
		{4DE3DF49-8267-4A69-940F-E031B366A84F}.Debug|Any CPU.ActiveCfg = Debug|Any CPU
		{4DE3DF49-8267-4A69-940F-E031B366A84F}.Debug|Any CPU.Build.0 = Debug|Any CPU
		{4DE3DF49-8267-4A69-940F-E031B366A84F}.Release|Any CPU.ActiveCfg = Release|Any CPU
		{4DE3DF49-8267-4A69-940F-E031B366A84F}.Release|Any CPU.Build.0 = Release|Any CPU
		{68778C22-F6DA-479A-8E06-66C0188D865B}.Debug|Any CPU.ActiveCfg = Debug|Any CPU
		{68778C22-F6DA-479A-8E06-66C0188D865B}.Debug|Any CPU.Build.0 = Debug|Any CPU
		{68778C22-F6DA-479A-8E06-66C0188D865B}.Release|Any CPU.ActiveCfg = Release|Any CPU
		{68778C22-F6DA-479A-8E06-66C0188D865B}.Release|Any CPU.Build.0 = Release|Any CPU
		{6BB1DAA7-09FD-41C7-A64F-53958A6B2094}.Debug|Any CPU.ActiveCfg = Debug|Any CPU
		{6BB1DAA7-09FD-41C7-A64F-53958A6B2094}.Debug|Any CPU.Build.0 = Debug|Any CPU
		{6BB1DAA7-09FD-41C7-A64F-53958A6B2094}.Release|Any CPU.ActiveCfg = Release|Any CPU
		{6BB1DAA7-09FD-41C7-A64F-53958A6B2094}.Release|Any CPU.Build.0 = Release|Any CPU
		{8D0060BC-C873-450C-A5D5-ED1CAD1D051B}.Debug|Any CPU.ActiveCfg = Debug|Any CPU
		{8D0060BC-C873-450C-A5D5-ED1CAD1D051B}.Debug|Any CPU.Build.0 = Debug|Any CPU
		{8D0060BC-C873-450C-A5D5-ED1CAD1D051B}.Release|Any CPU.ActiveCfg = Release|Any CPU
		{8D0060BC-C873-450C-A5D5-ED1CAD1D051B}.Release|Any CPU.Build.0 = Release|Any CPU
		{EE00717B-430E-41A9-89B6-746AC67FB052}.Debug|Any CPU.ActiveCfg = Debug|Any CPU
		{EE00717B-430E-41A9-89B6-746AC67FB052}.Debug|Any CPU.Build.0 = Debug|Any CPU
		{EE00717B-430E-41A9-89B6-746AC67FB052}.Release|Any CPU.ActiveCfg = Release|Any CPU
		{EE00717B-430E-41A9-89B6-746AC67FB052}.Release|Any CPU.Build.0 = Release|Any CPU
		{2B3946FC-E3B2-4E3D-B992-454A6E8366A8}.Debug|Any CPU.ActiveCfg = Debug|Any CPU
		{2B3946FC-E3B2-4E3D-B992-454A6E8366A8}.Debug|Any CPU.Build.0 = Debug|Any CPU
		{2B3946FC-E3B2-4E3D-B992-454A6E8366A8}.Release|Any CPU.ActiveCfg = Release|Any CPU
		{2B3946FC-E3B2-4E3D-B992-454A6E8366A8}.Release|Any CPU.Build.0 = Release|Any CPU
		{FDF82F35-4EA6-47C6-ADD5-B9B0A4BB9302}.Debug|Any CPU.ActiveCfg = Debug|Any CPU
		{FDF82F35-4EA6-47C6-ADD5-B9B0A4BB9302}.Debug|Any CPU.Build.0 = Debug|Any CPU
		{FDF82F35-4EA6-47C6-ADD5-B9B0A4BB9302}.Release|Any CPU.ActiveCfg = Release|Any CPU
		{FDF82F35-4EA6-47C6-ADD5-B9B0A4BB9302}.Release|Any CPU.Build.0 = Release|Any CPU
		{4A031A38-1F38-451E-9434-1B0A60D78DAE}.Debug|Any CPU.ActiveCfg = Debug|Any CPU
		{4A031A38-1F38-451E-9434-1B0A60D78DAE}.Debug|Any CPU.Build.0 = Debug|Any CPU
		{4A031A38-1F38-451E-9434-1B0A60D78DAE}.Release|Any CPU.ActiveCfg = Release|Any CPU
		{4A031A38-1F38-451E-9434-1B0A60D78DAE}.Release|Any CPU.Build.0 = Release|Any CPU
		{E4759034-19A0-4B28-8E69-38BCFD5F1E94}.Debug|Any CPU.ActiveCfg = Debug|Any CPU
		{E4759034-19A0-4B28-8E69-38BCFD5F1E94}.Debug|Any CPU.Build.0 = Debug|Any CPU
		{E4759034-19A0-4B28-8E69-38BCFD5F1E94}.Release|Any CPU.ActiveCfg = Release|Any CPU
		{E4759034-19A0-4B28-8E69-38BCFD5F1E94}.Release|Any CPU.Build.0 = Release|Any CPU
		{0DEBC773-F40D-4196-9CC8-CF986063C174}.Debug|Any CPU.ActiveCfg = Debug|Any CPU
		{0DEBC773-F40D-4196-9CC8-CF986063C174}.Debug|Any CPU.Build.0 = Debug|Any CPU
		{0DEBC773-F40D-4196-9CC8-CF986063C174}.Release|Any CPU.ActiveCfg = Release|Any CPU
		{0DEBC773-F40D-4196-9CC8-CF986063C174}.Release|Any CPU.Build.0 = Release|Any CPU
	EndGlobalSection
	GlobalSection(SolutionProperties) = preSolution
		HideSolutionNode = FALSE
	EndGlobalSection
	GlobalSection(NestedProjects) = preSolution
		{0C93ADB6-1380-479F-8A90-5C1CF6211C9E} = {E3DF6929-EF32-4D14-A3FC-1A5788713C19}
		{31D55F4C-5F79-4F90-8CBB-3DDADA32A694} = {E3DF6929-EF32-4D14-A3FC-1A5788713C19}
		{0EE478E3-2A3B-4DDF-B690-7416D2E96D4B} = {E3DF6929-EF32-4D14-A3FC-1A5788713C19}
		{6986E748-0EA7-45A8-B2EB-668E6C24937E} = {E3DF6929-EF32-4D14-A3FC-1A5788713C19}
		{2830C739-CB2A-4F8B-8452-97392BA55635} = {0202CDE8-8F19-4C7F-8962-9B3989E24E44}
		{B8F5DFA5-1A2A-4EC1-B846-43C425EC1C43} = {0202CDE8-8F19-4C7F-8962-9B3989E24E44}
		{18CC14B0-8200-4B5F-A86F-A723C9E6382A} = {0202CDE8-8F19-4C7F-8962-9B3989E24E44}
		{4DE3DF49-8267-4A69-940F-E031B366A84F} = {0202CDE8-8F19-4C7F-8962-9B3989E24E44}
		{68778C22-F6DA-479A-8E06-66C0188D865B} = {0202CDE8-8F19-4C7F-8962-9B3989E24E44}
		{6BB1DAA7-09FD-41C7-A64F-53958A6B2094} = {0202CDE8-8F19-4C7F-8962-9B3989E24E44}
		{8D0060BC-C873-450C-A5D5-ED1CAD1D051B} = {E63DAAD8-0CBF-473C-A160-DF17039464EB}
		{EE00717B-430E-41A9-89B6-746AC67FB052} = {E63DAAD8-0CBF-473C-A160-DF17039464EB}
		{2B3946FC-E3B2-4E3D-B992-454A6E8366A8} = {0202CDE8-8F19-4C7F-8962-9B3989E24E44}
		{FDF82F35-4EA6-47C6-ADD5-B9B0A4BB9302} = {0202CDE8-8F19-4C7F-8962-9B3989E24E44}
		{4A031A38-1F38-451E-9434-1B0A60D78DAE} = {0202CDE8-8F19-4C7F-8962-9B3989E24E44}
		{E4759034-19A0-4B28-8E69-38BCFD5F1E94} = {0202CDE8-8F19-4C7F-8962-9B3989E24E44}
		{0DEBC773-F40D-4196-9CC8-CF986063C174} = {0202CDE8-8F19-4C7F-8962-9B3989E24E44}
	EndGlobalSection
EndGlobal
